
Microsoft Visual Studio Solution File, Format Version 12.00
# Visual Studio Version 17
VisualStudioVersion = 17.5.33530.505
MinimumVisualStudioVersion = 10.0.40219.1
Project("{FAE04EC0-301F-11D3-BF4B-00C04F79EFBC}") = "AppFoto.Android", "AppFoto\AppFoto.Android\AppFoto.Android.csproj", "{3E59A966-2712-4280-97EF-A69ECBD8BED3}"
EndProject
Project("{FAE04EC0-301F-11D3-BF4B-00C04F79EFBC}") = "AppFoto", "AppFoto\AppFoto\AppFoto.csproj", "{0D026338-909F-4FEF-B88A-9EDE9E97622E}"
EndProject
Global
	GlobalSection(SolutionConfigurationPlatforms) = preSolution
		Debug|Any CPU = Debug|Any CPU
		Release|Any CPU = Release|Any CPU
	EndGlobalSection
	GlobalSection(ProjectConfigurationPlatforms) = postSolution
		{3E59A966-2712-4280-97EF-A69ECBD8BED3}.Debug|Any CPU.ActiveCfg = Debug|Any CPU
		{3E59A966-2712-4280-97EF-A69ECBD8BED3}.Debug|Any CPU.Build.0 = Debug|Any CPU
		{3E59A966-2712-4280-97EF-A69ECBD8BED3}.Debug|Any CPU.Deploy.0 = Debug|Any CPU
		{3E59A966-2712-4280-97EF-A69ECBD8BED3}.Release|Any CPU.ActiveCfg = Release|Any CPU
		{3E59A966-2712-4280-97EF-A69ECBD8BED3}.Release|Any CPU.Build.0 = Release|Any CPU
		{3E59A966-2712-4280-97EF-A69ECBD8BED3}.Release|Any CPU.Deploy.0 = Release|Any CPU
		{0D026338-909F-4FEF-B88A-9EDE9E97622E}.Debug|Any CPU.ActiveCfg = Debug|Any CPU
		{0D026338-909F-4FEF-B88A-9EDE9E97622E}.Debug|Any CPU.Build.0 = Debug|Any CPU
		{0D026338-909F-4FEF-B88A-9EDE9E97622E}.Debug|Any CPU.Deploy.0 = Debug|Any CPU
		{0D026338-909F-4FEF-B88A-9EDE9E97622E}.Release|Any CPU.ActiveCfg = Release|Any CPU
		{0D026338-909F-4FEF-B88A-9EDE9E97622E}.Release|Any CPU.Build.0 = Release|Any CPU
		{0D026338-909F-4FEF-B88A-9EDE9E97622E}.Release|Any CPU.Deploy.0 = Release|Any CPU
	EndGlobalSection
	GlobalSection(SolutionProperties) = preSolution
		HideSolutionNode = FALSE
	EndGlobalSection
	GlobalSection(ExtensibilityGlobals) = postSolution
		SolutionGuid = {5D1B7E33-F9E1-499F-A21E-FCD40BCD7AF0}
	EndGlobalSection
EndGlobal
